PODS:
  - flutter_timezone (0.1.0):
    - FlutterMacOS
  - FlutterMacOS (1.0.0)

DEPENDENCIES:
  - flutter_timezone (from `Flutter/ephemeral/.symlinks/plugins/flutter_timezone/macos`)
  - FlutterMacOS (from `Flutter/ephemeral`)

EXTERNAL SOURCES:
  flutter_timezone:
    :path: Flutter/ephemeral/.symlinks/plugins/flutter_timezone/macos
  FlutterMacOS:
    :path: Flutter/ephemeral

SPEC CHECKSUMS:
  flutter_timezone: 6b906d1740654acb16e50b639835628fea851037
  FlutterMacOS: ae6af50a8ea7d6103d888583d46bd8328a7e9811

PODFILE CHECKSUM: 6eac6b3292e5142cfc23bdeb71848a40ec51c14c

COCOAPODS: 1.11.3
